
Microsoft Visual Studio Solution File, Format Version 12.00
# Visual Studio Version 17
VisualStudioVersion = 17.3.32811.315
MinimumVisualStudioVersion = 10.0.40219.1
Project("{9A19103F-16F7-4668-BE54-9A1E7A4F7556}") = "RadLexer", "RadLexer\RadLexer.csproj", "{E973EF6D-0BBD-4B3A-8C1B-8B85C0334273}"
EndProject
Project("{9A19103F-16F7-4668-BE54-9A1E7A4F7556}") = "RadParser", "RadParser\RadParser.csproj", "{089D9B5D-9A3C-48D2-8C6B-3AB75C7F94C0}"
EndProject
Project("{9A19103F-16F7-4668-BE54-9A1E7A4F7556}") = "RadInterpreter", "RadInterpreter\RadInterpreter.csproj", "{75DD58F6-3E7F-4FCD-8CDC-68EB19AAAB23}"
EndProject
Project("{9A19103F-16F7-4668-BE54-9A1E7A4F7556}") = "Rad", "Rad\Rad.csproj", "{F1495892-6526-4540-BF72-41B2CC8B07E7}"
EndProject
Project("{9A19103F-16F7-4668-BE54-9A1E7A4F7556}") = "RadCompiler", "RadCompiler\RadCompiler.csproj", "{98DCAB4F-C9A6-4436-BB43-1F38676079E5}"
EndProject
Project("{8BC9CEB8-8B4A-11D0-8D11-00A0C91BC942}") = "RadLib", "RadLib\cmake-build-debug-windows-x64\RadLib.vcxproj", "{E851B314-32A8-347C-89F8-E84A25BE4CC0}"
EndProject
Project("{8BC9CEB8-8B4A-11D0-8D11-00A0C91BC942}") = "RadLibStatic", "RadLib\cmake-build-debug-windows-x64\RadLibStatic.vcxproj", "{8F9C1081-1B82-3736-9657-935FC71F44DA}"
EndProject
Project("{9A19103F-16F7-4668-BE54-9A1E7A4F7556}") = "RadLanguageServer", "RadLanguageServer\RadLanguageServer.csproj", "{369B4A77-E00D-4AF0-A8F5-756934823B86}"
EndProject
Global
	GlobalSection(SolutionConfigurationPlatforms) = preSolution
		Debug|Any CPU = Debug|Any CPU
		Release|Any CPU = Release|Any CPU
	EndGlobalSection
	GlobalSection(ProjectConfigurationPlatforms) = postSolution
		{E973EF6D-0BBD-4B3A-8C1B-8B85C0334273}.Debug|Any CPU.ActiveCfg = Debug|Any CPU
		{E973EF6D-0BBD-4B3A-8C1B-8B85C0334273}.Debug|Any CPU.Build.0 = Debug|Any CPU
		{E973EF6D-0BBD-4B3A-8C1B-8B85C0334273}.Release|Any CPU.ActiveCfg = Release|Any CPU
		{E973EF6D-0BBD-4B3A-8C1B-8B85C0334273}.Release|Any CPU.Build.0 = Release|Any CPU
		{089D9B5D-9A3C-48D2-8C6B-3AB75C7F94C0}.Debug|Any CPU.ActiveCfg = Debug|Any CPU
		{089D9B5D-9A3C-48D2-8C6B-3AB75C7F94C0}.Debug|Any CPU.Build.0 = Debug|Any CPU
		{089D9B5D-9A3C-48D2-8C6B-3AB75C7F94C0}.Release|Any CPU.ActiveCfg = Release|Any CPU
		{089D9B5D-9A3C-48D2-8C6B-3AB75C7F94C0}.Release|Any CPU.Build.0 = Release|Any CPU
		{75DD58F6-3E7F-4FCD-8CDC-68EB19AAAB23}.Debug|Any CPU.ActiveCfg = Debug|Any CPU
		{75DD58F6-3E7F-4FCD-8CDC-68EB19AAAB23}.Debug|Any CPU.Build.0 = Debug|Any CPU
		{75DD58F6-3E7F-4FCD-8CDC-68EB19AAAB23}.Release|Any CPU.ActiveCfg = Release|Any CPU
		{75DD58F6-3E7F-4FCD-8CDC-68EB19AAAB23}.Release|Any CPU.Build.0 = Release|Any CPU
		{F1495892-6526-4540-BF72-41B2CC8B07E7}.Debug|Any CPU.ActiveCfg = Debug|Any CPU
		{F1495892-6526-4540-BF72-41B2CC8B07E7}.Debug|Any CPU.Build.0 = Debug|Any CPU
		{F1495892-6526-4540-BF72-41B2CC8B07E7}.Debug|Any CPU.Deploy.0 = Debug|Any CPU
		{F1495892-6526-4540-BF72-41B2CC8B07E7}.Release|Any CPU.ActiveCfg = Release|Any CPU
		{F1495892-6526-4540-BF72-41B2CC8B07E7}.Release|Any CPU.Build.0 = Release|Any CPU
		{98DCAB4F-C9A6-4436-BB43-1F38676079E5}.Debug|Any CPU.ActiveCfg = Debug|Any CPU
		{98DCAB4F-C9A6-4436-BB43-1F38676079E5}.Debug|Any CPU.Build.0 = Debug|Any CPU
		{98DCAB4F-C9A6-4436-BB43-1F38676079E5}.Release|Any CPU.ActiveCfg = Release|Any CPU
		{98DCAB4F-C9A6-4436-BB43-1F38676079E5}.Release|Any CPU.Build.0 = Release|Any CPU
		{E851B314-32A8-347C-89F8-E84A25BE4CC0}.Debug|Any CPU.ActiveCfg = Debug|x64
		{E851B314-32A8-347C-89F8-E84A25BE4CC0}.Debug|Any CPU.Build.0 = Debug|x64
		{E851B314-32A8-347C-89F8-E84A25BE4CC0}.Release|Any CPU.ActiveCfg = Release|x64
		{E851B314-32A8-347C-89F8-E84A25BE4CC0}.Release|Any CPU.Build.0 = Release|x64
		{8F9C1081-1B82-3736-9657-935FC71F44DA}.Debug|Any CPU.ActiveCfg = Debug|x64
		{8F9C1081-1B82-3736-9657-935FC71F44DA}.Debug|Any CPU.Build.0 = Debug|x64
		{8F9C1081-1B82-3736-9657-935FC71F44DA}.Release|Any CPU.ActiveCfg = Release|x64
		{8F9C1081-1B82-3736-9657-935FC71F44DA}.Release|Any CPU.Build.0 = Release|x64
		{369B4A77-E00D-4AF0-A8F5-756934823B86}.Debug|Any CPU.ActiveCfg = Debug|Any CPU
		{369B4A77-E00D-4AF0-A8F5-756934823B86}.Debug|Any CPU.Build.0 = Debug|Any CPU
		{369B4A77-E00D-4AF0-A8F5-756934823B86}.Release|Any CPU.ActiveCfg = Release|Any CPU
		{369B4A77-E00D-4AF0-A8F5-756934823B86}.Release|Any CPU.Build.0 = Release|Any CPU
	EndGlobalSection
	GlobalSection(SolutionProperties) = preSolution
		HideSolutionNode = FALSE
	EndGlobalSection
	GlobalSection(ExtensibilityGlobals) = postSolution
		SolutionGuid = {A8E27526-0F45-49F6-BC19-1F13AACB8122}
	EndGlobalSection
EndGlobal
